
Microsoft Visual Studio Solution File, Format Version 12.00
# Visual Studio Version 17
VisualStudioVersion = 17.9.34728.123
MinimumVisualStudioVersion = 10.0.40219.1
Project("{FAE04EC0-301F-11D3-BF4B-00C04F79EFBC}") = "CLib", "CLib\CLib.csproj", "{1ED36A10-4CF9-4B9A-976E-BF6C0E499940}"
EndProject
Project("{FAE04EC0-301F-11D3-BF4B-00C04F79EFBC}") = "CLib_Examples", "CLib_Examples\CLib_Examples.csproj", "{8F939349-082C-46AA-B536-F08687AD0481}"
	ProjectSection(ProjectDependencies) = postProject
		{1ED36A10-4CF9-4B9A-976E-BF6C0E499940} = {1ED36A10-4CF9-4B9A-976E-BF6C0E499940}
	EndProjectSection
EndProject
Global
	GlobalSection(SolutionConfigurationPlatforms) = preSolution
		Debug|Any CPU = Debug|Any CPU
		Release|Any CPU = Release|Any CPU
	EndGlobalSection
	GlobalSection(ProjectConfigurationPlatforms) = postSolution
		{1ED36A10-4CF9-4B9A-976E-BF6C0E499940}.Debug|Any CPU.ActiveCfg = Debug|Any CPU
		{1ED36A10-4CF9-4B9A-976E-BF6C0E499940}.Debug|Any CPU.Build.0 = Debug|Any CPU
		{1ED36A10-4CF9-4B9A-976E-BF6C0E499940}.Release|Any CPU.ActiveCfg = Release|Any CPU
		{1ED36A10-4CF9-4B9A-976E-BF6C0E499940}.Release|Any CPU.Build.0 = Release|Any CPU
		{8F939349-082C-46AA-B536-F08687AD0481}.Debug|Any CPU.ActiveCfg = Debug|Any CPU
		{8F939349-082C-46AA-B536-F08687AD0481}.Debug|Any CPU.Build.0 = Debug|Any CPU
		{8F939349-082C-46AA-B536-F08687AD0481}.Release|Any CPU.ActiveCfg = Release|Any CPU
		{8F939349-082C-46AA-B536-F08687AD0481}.Release|Any CPU.Build.0 = Release|Any CPU
	EndGlobalSection
	GlobalSection(SolutionProperties) = preSolution
		HideSolutionNode = FALSE
	EndGlobalSection
	GlobalSection(ExtensibilityGlobals) = postSolution
		SolutionGuid = {80CB19C8-41C5-48E7-85C7-6BA2082B5522}
	EndGlobalSection
EndGlobal
